<Solution>
  <Folder Name="/solution/">
    <File Path="AGENTS.md" />
    <File Path="Directory.Build.props" />
    <File Path="Directory.Packages.props" />
    <File Path="README.md" />
  </Folder>
  <Folder Name="/src/">
    <Project Path="src/ETS2Telemetry/ETS2Telemetry.csproj" />
  </Folder>
  <Folder Name="/tests/">
    <Project Path="tests/ETS2Telemetry.Tests/ETS2Telemetry.Tests.csproj" />
  </Folder>
</Solution>
